
Microsoft Visual Studio Solution File, Format Version 12.00
# Visual Studio Version 16
VisualStudioVersion = 16.0.809.8
MinimumVisualStudioVersion = 10.0.40219.1
Project("{FAE04EC0-301F-11D3-BF4B-00C04F79EFBC}") = "ATM_OOP", "ATM_OOP\ATM_OOP.csproj", "{84250DB4-F4FD-470A-871D-BE9BA8E9C37E}"
EndProject
Global
	GlobalSection(SolutionConfigurationPlatforms) = preSolution
		Debug|Any CPU = Debug|Any CPU
		Release|Any CPU = Release|Any CPU
	EndGlobalSection
	GlobalSection(ProjectConfigurationPlatforms) = postSolution
		{84250DB4-F4FD-470A-871D-BE9BA8E9C37E}.Debug|Any CPU.ActiveCfg = Debug|Any CPU
		{84250DB4-F4FD-470A-871D-BE9BA8E9C37E}.Debug|Any CPU.Build.0 = Debug|Any CPU
		{84250DB4-F4FD-470A-871D-BE9BA8E9C37E}.Release|Any CPU.ActiveCfg = Release|Any CPU
		{84250DB4-F4FD-470A-871D-BE9BA8E9C37E}.Release|Any CPU.Build.0 = Release|Any CPU
	EndGlobalSection
	GlobalSection(SolutionProperties) = preSolution
		HideSolutionNode = FALSE
	EndGlobalSection
	GlobalSection(ExtensibilityGlobals) = postSolution
		SolutionGuid = {9EADC285-04B1-4504-A3DD-C732682B74E4}
	EndGlobalSection
EndGlobal
